
Microsoft Visual Studio Solution File, Format Version 12.00
# Visual Studio Version 17
VisualStudioVersion = 17.2.32630.192
MinimumVisualStudioVersion = 10.0.40219.1
Project("{9A19103F-16F7-4668-BE54-9A1E7A4F7556}") = "RFEMWebServiceLibrary", "RFEMWebServiceLibrary\RFEMWebServiceLibrary.csproj", "{24F8558D-0E3A-4ADD-84A2-FB471B5EFA8E}"
EndProject
Project("{9A19103F-16F7-4668-BE54-9A1E7A4F7556}") = "RSTABWebServiceLibrary", "RSTABWebServiceLibrary\RSTABWebServiceLibrary.csproj", "{8ACADB5B-66FA-467B-9D86-12BD923252CB}"
EndProject
Project("{2150E333-8FDC-42A3-9474-1A3956D46DE8}") = "Examples", "Examples", "{638B834A-F3A1-4660-8647-3AF01452DB4F}"
EndProject
Project("{9A19103F-16F7-4668-BE54-9A1E7A4F7556}") = "Cantilever", "..\examples\Cantilever\Cantilever.csproj", "{134C646B-AB2D-48CF-9E6E-6613655D864D}"
	ProjectSection(ProjectDependencies) = postProject
		{8ACADB5B-66FA-467B-9D86-12BD923252CB} = {8ACADB5B-66FA-467B-9D86-12BD923252CB}
	EndProjectSection
EndProject
Project("{9A19103F-16F7-4668-BE54-9A1E7A4F7556}") = "RSECTION_ConsoleExample", "..\examples\RSECTION_ConsoleExample\RSECTION_ConsoleExample.csproj", "{10618A27-7C85-428D-8991-D5C703BE2092}"
EndProject
Project("{2150E333-8FDC-42A3-9474-1A3956D46DE8}") = "Libraries", "Libraries", "{9966D57E-6D78-411D-998A-705D207F9C48}"
EndProject
Project("{2150E333-8FDC-42A3-9474-1A3956D46DE8}") = "Tools", "Tools", "{E27B5117-1FB5-4036-857C-6ADA920D6A1C}"
EndProject
Project("{2150E333-8FDC-42A3-9474-1A3956D46DE8}") = "Tests", "Tests", "{4D3AE816-74B6-40C2-ABEE-BC75BBC9DE8B}"
EndProject
Project("{9A19103F-16F7-4668-BE54-9A1E7A4F7556}") = "RSECTIONWebServiceLibrary", "RSECTIONWebServiceLibrary\RSECTIONWebServiceLibrary.csproj", "{7B49E986-ABD2-495D-80C7-C0C9940CEAC3}"
EndProject
Project("{FAE04EC0-301F-11D3-BF4B-00C04F79EFBC}") = "DotNetClientTest", "DotNetClientTest\DotNetClientTest.csproj", "{83658DD7-9846-4C3B-835E-E83927B8C883}"
EndProject
Project("{9A19103F-16F7-4668-BE54-9A1E7A4F7556}") = "UTWebServiceLibraries", "UTWebServiceLibraries\UTWebServiceLibraries.csproj", "{93A2ADF4-723D-47AA-B0A8-1FEF68941551}"
	ProjectSection(ProjectDependencies) = postProject
		{7B49E986-ABD2-495D-80C7-C0C9940CEAC3} = {7B49E986-ABD2-495D-80C7-C0C9940CEAC3}
		{8ACADB5B-66FA-467B-9D86-12BD923252CB} = {8ACADB5B-66FA-467B-9D86-12BD923252CB}
	EndProjectSection
EndProject
Project("{9A19103F-16F7-4668-BE54-9A1E7A4F7556}") = "Hall", "..\examples\Hall\Hall.csproj", "{6CCD9230-2BCF-4B3F-966C-8F69BE5DC880}"
EndProject
Project("{9A19103F-16F7-4668-BE54-9A1E7A4F7556}") = "SteelHall.MAUI", "..\examples\SteelHall.MAUI\SteelHall.MAUI.csproj", "{5A987956-134F-4050-94D7-7CB14D690302}"
EndProject
Global
	GlobalSection(SolutionConfigurationPlatforms) = preSolution
		Debug RFEM|Any CPU = Debug RFEM|Any CPU
		Debug RSECTION|Any CPU = Debug RSECTION|Any CPU
		Debug RSTAB|Any CPU = Debug RSTAB|Any CPU
		Debug|Any CPU = Debug|Any CPU
		Release RFEM|Any CPU = Release RFEM|Any CPU
		Release RSECTION|Any CPU = Release RSECTION|Any CPU
		Release RSTAB|Any CPU = Release RSTAB|Any CPU
		Release|Any CPU = Release|Any CPU
		RFEM|Any CPU = RFEM|Any CPU
		RSTAB Debug|Any CPU = RSTAB Debug|Any CPU
	EndGlobalSection
	GlobalSection(ProjectConfigurationPlatforms) = postSolution
		{24F8558D-0E3A-4ADD-84A2-FB471B5EFA8E}.Debug RFEM|Any CPU.ActiveCfg = Debug|Any CPU
		{24F8558D-0E3A-4ADD-84A2-FB471B5EFA8E}.Debug RFEM|Any CPU.Build.0 = Debug|Any CPU
		{24F8558D-0E3A-4ADD-84A2-FB471B5EFA8E}.Debug RSECTION|Any CPU.ActiveCfg = Debug|Any CPU
		{24F8558D-0E3A-4ADD-84A2-FB471B5EFA8E}.Debug RSTAB|Any CPU.ActiveCfg = Debug|Any CPU
		{24F8558D-0E3A-4ADD-84A2-FB471B5EFA8E}.Debug|Any CPU.ActiveCfg = Debug|Any CPU
		{24F8558D-0E3A-4ADD-84A2-FB471B5EFA8E}.Debug|Any CPU.Build.0 = Debug|Any CPU
		{24F8558D-0E3A-4ADD-84A2-FB471B5EFA8E}.Release RFEM|Any CPU.ActiveCfg = Release RFEM|Any CPU
		{24F8558D-0E3A-4ADD-84A2-FB471B5EFA8E}.Release RFEM|Any CPU.Build.0 = Release RFEM|Any CPU
		{24F8558D-0E3A-4ADD-84A2-FB471B5EFA8E}.Release RSECTION|Any CPU.ActiveCfg = Release|Any CPU
		{24F8558D-0E3A-4ADD-84A2-FB471B5EFA8E}.Release RSTAB|Any CPU.ActiveCfg = Release RSTAB|Any CPU
		{24F8558D-0E3A-4ADD-84A2-FB471B5EFA8E}.Release RSTAB|Any CPU.Build.0 = Release RSTAB|Any CPU
		{24F8558D-0E3A-4ADD-84A2-FB471B5EFA8E}.Release|Any CPU.ActiveCfg = Release|Any CPU
		{24F8558D-0E3A-4ADD-84A2-FB471B5EFA8E}.Release|Any CPU.Build.0 = Release|Any CPU
		{24F8558D-0E3A-4ADD-84A2-FB471B5EFA8E}.RFEM|Any CPU.ActiveCfg = Debug RFEM|Any CPU
		{24F8558D-0E3A-4ADD-84A2-FB471B5EFA8E}.RFEM|Any CPU.Build.0 = Debug RFEM|Any CPU
		{24F8558D-0E3A-4ADD-84A2-FB471B5EFA8E}.RSTAB Debug|Any CPU.ActiveCfg = Release RSTAB|Any CPU
		{24F8558D-0E3A-4ADD-84A2-FB471B5EFA8E}.RSTAB Debug|Any CPU.Build.0 = Release RSTAB|Any CPU
		{8ACADB5B-66FA-467B-9D86-12BD923252CB}.Debug no XML serializers|Any CPU.ActiveCfg = Debug RSTAB|Any CPU
		{8ACADB5B-66FA-467B-9D86-12BD923252CB}.Debug no XML serializers|Any CPU.Build.0 = Debug RSTAB|Any CPU
		{8ACADB5B-66FA-467B-9D86-12BD923252CB}.Debug RFEM|Any CPU.ActiveCfg = Debug|Any CPU
		{8ACADB5B-66FA-467B-9D86-12BD923252CB}.Debug RFEM|Any CPU.Build.0 = Debug|Any CPU
		{8ACADB5B-66FA-467B-9D86-12BD923252CB}.Debug RSECTION|Any CPU.ActiveCfg = Debug|Any CPU
		{8ACADB5B-66FA-467B-9D86-12BD923252CB}.Debug RSTAB|Any CPU.ActiveCfg = Debug|Any CPU
		{8ACADB5B-66FA-467B-9D86-12BD923252CB}.Debug RSTAB|Any CPU.Build.0 = Debug|Any CPU
		{8ACADB5B-66FA-467B-9D86-12BD923252CB}.Debug|Any CPU.ActiveCfg = Debug|Any CPU
		{8ACADB5B-66FA-467B-9D86-12BD923252CB}.Debug|Any CPU.Build.0 = Debug|Any CPU
		{8ACADB5B-66FA-467B-9D86-12BD923252CB}.Release no XML serializers|Any CPU.ActiveCfg = Release|Any CPU
		{8ACADB5B-66FA-467B-9D86-12BD923252CB}.Release no XML serializers|Any CPU.Build.0 = Release|Any CPU
		{8ACADB5B-66FA-467B-9D86-12BD923252CB}.Release RFEM|Any CPU.ActiveCfg = Release RFEM|Any CPU
		{8ACADB5B-66FA-467B-9D86-12BD923252CB}.Release RSECTION|Any CPU.ActiveCfg = Release|Any CPU
		{8ACADB5B-66FA-467B-9D86-12BD923252CB}.Release RSTAB|Any CPU.ActiveCfg = Release|Any CPU
		{8ACADB5B-66FA-467B-9D86-12BD923252CB}.Release RSTAB|Any CPU.Build.0 = Release|Any CPU
		{8ACADB5B-66FA-467B-9D86-12BD923252CB}.Release|Any CPU.ActiveCfg = Release|Any CPU
		{8ACADB5B-66FA-467B-9D86-12BD923252CB}.Release|Any CPU.Build.0 = Release|Any CPU
		{8ACADB5B-66FA-467B-9D86-12BD923252CB}.RFEM|Any CPU.ActiveCfg = Debug RFEM|Any CPU
		{8ACADB5B-66FA-467B-9D86-12BD923252CB}.RFEM|Any CPU.Build.0 = Debug RFEM|Any CPU
		{8ACADB5B-66FA-467B-9D86-12BD923252CB}.RSTAB Debug|Any CPU.ActiveCfg = Release RSTAB|Any CPU
		{8ACADB5B-66FA-467B-9D86-12BD923252CB}.RSTAB Debug|Any CPU.Build.0 = Release RSTAB|Any CPU
		{134C646B-AB2D-48CF-9E6E-6613655D864D}.Debug no XML serializers|Any CPU.ActiveCfg = Debug RFEM|Any CPU
		{134C646B-AB2D-48CF-9E6E-6613655D864D}.Debug no XML serializers|Any CPU.Build.0 = Debug RFEM|Any CPU
		{134C646B-AB2D-48CF-9E6E-6613655D864D}.Debug RFEM|Any CPU.ActiveCfg = Debug RFEM|Any CPU
		{134C646B-AB2D-48CF-9E6E-6613655D864D}.Debug RFEM|Any CPU.Build.0 = Debug RFEM|Any CPU
		{134C646B-AB2D-48CF-9E6E-6613655D864D}.Debug RSECTION|Any CPU.ActiveCfg = Debug RFEM|Any CPU
		{134C646B-AB2D-48CF-9E6E-6613655D864D}.Debug RSTAB|Any CPU.ActiveCfg = Debug RSTAB|Any CPU
		{134C646B-AB2D-48CF-9E6E-6613655D864D}.Debug RSTAB|Any CPU.Build.0 = Debug RSTAB|Any CPU
		{134C646B-AB2D-48CF-9E6E-6613655D864D}.Debug|Any CPU.ActiveCfg = Debug RFEM|Any CPU
		{134C646B-AB2D-48CF-9E6E-6613655D864D}.Release RFEM|Any CPU.ActiveCfg = Release RFEM|Any CPU
		{134C646B-AB2D-48CF-9E6E-6613655D864D}.Release RFEM|Any CPU.Build.0 = Release RFEM|Any CPU
		{134C646B-AB2D-48CF-9E6E-6613655D864D}.Release RSECTION|Any CPU.ActiveCfg = Release RFEM|Any CPU
		{134C646B-AB2D-48CF-9E6E-6613655D864D}.Release RSTAB|Any CPU.ActiveCfg = Release RSTAB|Any CPU
		{134C646B-AB2D-48CF-9E6E-6613655D864D}.Release RSTAB|Any CPU.Build.0 = Release RSTAB|Any CPU
		{134C646B-AB2D-48CF-9E6E-6613655D864D}.Release|Any CPU.ActiveCfg = Release RFEM|Any CPU
		{134C646B-AB2D-48CF-9E6E-6613655D864D}.Release|Any CPU.Build.0 = Release RFEM|Any CPU
		{134C646B-AB2D-48CF-9E6E-6613655D864D}.RFEM|Any CPU.ActiveCfg = Release RSTAB|Any CPU
		{134C646B-AB2D-48CF-9E6E-6613655D864D}.RFEM|Any CPU.Build.0 = Release RSTAB|Any CPU
		{134C646B-AB2D-48CF-9E6E-6613655D864D}.RSTAB Debug|Any CPU.ActiveCfg = Release RSTAB|Any CPU
		{134C646B-AB2D-48CF-9E6E-6613655D864D}.RSTAB Debug|Any CPU.Build.0 = Release RSTAB|Any CPU
		{10618A27-7C85-428D-8991-D5C703BE2092}.Debug no XML serializers|Any CPU.ActiveCfg = Debug|Any CPU
		{10618A27-7C85-428D-8991-D5C703BE2092}.Debug no XML serializers|Any CPU.Build.0 = Debug|Any CPU
		{10618A27-7C85-428D-8991-D5C703BE2092}.Debug RFEM|Any CPU.ActiveCfg = Debug|Any CPU
		{10618A27-7C85-428D-8991-D5C703BE2092}.Debug RSECTION|Any CPU.ActiveCfg = Debug|Any CPU
		{10618A27-7C85-428D-8991-D5C703BE2092}.Debug RSECTION|Any CPU.Build.0 = Debug|Any CPU
		{10618A27-7C85-428D-8991-D5C703BE2092}.Debug RSTAB|Any CPU.ActiveCfg = Debug|Any CPU
		{10618A27-7C85-428D-8991-D5C703BE2092}.Debug|Any CPU.ActiveCfg = Debug|Any CPU
		{10618A27-7C85-428D-8991-D5C703BE2092}.Debug|Any CPU.Build.0 = Debug|Any CPU
		{10618A27-7C85-428D-8991-D5C703BE2092}.Release no XML serializers|Any CPU.ActiveCfg = Release|Any CPU
		{10618A27-7C85-428D-8991-D5C703BE2092}.Release no XML serializers|Any CPU.Build.0 = Release|Any CPU
		{10618A27-7C85-428D-8991-D5C703BE2092}.Release RFEM|Any CPU.ActiveCfg = Release RFEM|Any CPU
		{10618A27-7C85-428D-8991-D5C703BE2092}.Release RSECTION|Any CPU.ActiveCfg = Release|Any CPU
		{10618A27-7C85-428D-8991-D5C703BE2092}.Release RSECTION|Any CPU.Build.0 = Release|Any CPU
		{10618A27-7C85-428D-8991-D5C703BE2092}.Release RSTAB|Any CPU.ActiveCfg = Release RSTAB|Any CPU
		{10618A27-7C85-428D-8991-D5C703BE2092}.Release|Any CPU.ActiveCfg = Release|Any CPU
		{10618A27-7C85-428D-8991-D5C703BE2092}.Release|Any CPU.Build.0 = Release|Any CPU
		{10618A27-7C85-428D-8991-D5C703BE2092}.RFEM|Any CPU.ActiveCfg = Release RSTAB|Any CPU
		{10618A27-7C85-428D-8991-D5C703BE2092}.RFEM|Any CPU.Build.0 = Release RSTAB|Any CPU
		{10618A27-7C85-428D-8991-D5C703BE2092}.RSTAB Debug|Any CPU.ActiveCfg = Release RSTAB|Any CPU
		{10618A27-7C85-428D-8991-D5C703BE2092}.RSTAB Debug|Any CPU.Build.0 = Release RSTAB|Any CPU
		{7B49E986-ABD2-495D-80C7-C0C9940CEAC3}.Debug no XML serializers|Any CPU.ActiveCfg = Debug RSECTION|Any CPU
		{7B49E986-ABD2-495D-80C7-C0C9940CEAC3}.Debug no XML serializers|Any CPU.Build.0 = Debug RSECTION|Any CPU
		{7B49E986-ABD2-495D-80C7-C0C9940CEAC3}.Debug RFEM|Any CPU.ActiveCfg = Debug|Any CPU
		{7B49E986-ABD2-495D-80C7-C0C9940CEAC3}.Debug RSECTION|Any CPU.ActiveCfg = Debug RSECTION|Any CPU
		{7B49E986-ABD2-495D-80C7-C0C9940CEAC3}.Debug RSECTION|Any CPU.Build.0 = Debug RSECTION|Any CPU
		{7B49E986-ABD2-495D-80C7-C0C9940CEAC3}.Debug RSTAB|Any CPU.ActiveCfg = Debug|Any CPU
		{7B49E986-ABD2-495D-80C7-C0C9940CEAC3}.Debug|Any CPU.ActiveCfg = Debug|Any CPU
		{7B49E986-ABD2-495D-80C7-C0C9940CEAC3}.Debug|Any CPU.Build.0 = Debug|Any CPU
		{7B49E986-ABD2-495D-80C7-C0C9940CEAC3}.Release no XML serializers|Any CPU.ActiveCfg = Release|Any CPU
		{7B49E986-ABD2-495D-80C7-C0C9940CEAC3}.Release no XML serializers|Any CPU.Build.0 = Release|Any CPU
		{7B49E986-ABD2-495D-80C7-C0C9940CEAC3}.Release RFEM|Any CPU.ActiveCfg = Release RFEM|Any CPU
		{7B49E986-ABD2-495D-80C7-C0C9940CEAC3}.Release RSECTION|Any CPU.ActiveCfg = Release|Any CPU
		{7B49E986-ABD2-495D-80C7-C0C9940CEAC3}.Release RSECTION|Any CPU.Build.0 = Release|Any CPU
		{7B49E986-ABD2-495D-80C7-C0C9940CEAC3}.Release RSTAB|Any CPU.ActiveCfg = Release RSTAB|Any CPU
		{7B49E986-ABD2-495D-80C7-C0C9940CEAC3}.Release|Any CPU.ActiveCfg = Release|Any CPU
		{7B49E986-ABD2-495D-80C7-C0C9940CEAC3}.Release|Any CPU.Build.0 = Release|Any CPU
		{7B49E986-ABD2-495D-80C7-C0C9940CEAC3}.RFEM|Any CPU.ActiveCfg = Debug RFEM|Any CPU
		{7B49E986-ABD2-495D-80C7-C0C9940CEAC3}.RFEM|Any CPU.Build.0 = Debug RFEM|Any CPU
		{7B49E986-ABD2-495D-80C7-C0C9940CEAC3}.RSTAB Debug|Any CPU.ActiveCfg = Release RSTAB|Any CPU
		{7B49E986-ABD2-495D-80C7-C0C9940CEAC3}.RSTAB Debug|Any CPU.Build.0 = Release RSTAB|Any CPU
		{83658DD7-9846-4C3B-835E-E83927B8C883}.Debug no XML serializers|Any CPU.ActiveCfg = Debug RSECTION|Any CPU
		{83658DD7-9846-4C3B-835E-E83927B8C883}.Debug no XML serializers|Any CPU.Build.0 = Debug RSECTION|Any CPU
		{83658DD7-9846-4C3B-835E-E83927B8C883}.Debug RFEM|Any CPU.ActiveCfg = Debug RFEM|Any CPU
		{83658DD7-9846-4C3B-835E-E83927B8C883}.Debug RSECTION|Any CPU.ActiveCfg = Debug RSECTION|Any CPU
		{83658DD7-9846-4C3B-835E-E83927B8C883}.Debug RSTAB|Any CPU.ActiveCfg = Dlubal RSTAB|Any CPU
		{83658DD7-9846-4C3B-835E-E83927B8C883}.Debug|Any CPU.ActiveCfg = Debug RFEM|Any CPU
		{83658DD7-9846-4C3B-835E-E83927B8C883}.Release RFEM|Any CPU.ActiveCfg = Release RFEM|Any CPU
		{83658DD7-9846-4C3B-835E-E83927B8C883}.Release RSECTION|Any CPU.ActiveCfg = Release RSECTION|Any CPU
		{83658DD7-9846-4C3B-835E-E83927B8C883}.Release RSTAB|Any CPU.ActiveCfg = Release RSTAB|Any CPU
		{83658DD7-9846-4C3B-835E-E83927B8C883}.Release|Any CPU.ActiveCfg = Release RFEM|Any CPU
		{83658DD7-9846-4C3B-835E-E83927B8C883}.RFEM|Any CPU.ActiveCfg = Release RSTAB|Any CPU
		{83658DD7-9846-4C3B-835E-E83927B8C883}.RFEM|Any CPU.Build.0 = Release RSTAB|Any CPU
		{83658DD7-9846-4C3B-835E-E83927B8C883}.RSTAB Debug|Any CPU.ActiveCfg = Release RSTAB|Any CPU
		{83658DD7-9846-4C3B-835E-E83927B8C883}.RSTAB Debug|Any CPU.Build.0 = Release RSTAB|Any CPU
		{93A2ADF4-723D-47AA-B0A8-1FEF68941551}.Debug no XML serializers|Any CPU.ActiveCfg = Debug|Any CPU
		{93A2ADF4-723D-47AA-B0A8-1FEF68941551}.Debug no XML serializers|Any CPU.Build.0 = Debug|Any CPU
		{93A2ADF4-723D-47AA-B0A8-1FEF68941551}.Debug RFEM|Any CPU.ActiveCfg = Debug|Any CPU
		{93A2ADF4-723D-47AA-B0A8-1FEF68941551}.Debug RFEM|Any CPU.Build.0 = Debug|Any CPU
		{93A2ADF4-723D-47AA-B0A8-1FEF68941551}.Debug RSECTION|Any CPU.ActiveCfg = Debug|Any CPU
		{93A2ADF4-723D-47AA-B0A8-1FEF68941551}.Debug RSTAB|Any CPU.ActiveCfg = Debug|Any CPU
		{93A2ADF4-723D-47AA-B0A8-1FEF68941551}.Debug|Any CPU.ActiveCfg = Debug|Any CPU
		{93A2ADF4-723D-47AA-B0A8-1FEF68941551}.Debug|Any CPU.Build.0 = Debug|Any CPU
		{93A2ADF4-723D-47AA-B0A8-1FEF68941551}.Release no XML serializers|Any CPU.ActiveCfg = Release|Any CPU
		{93A2ADF4-723D-47AA-B0A8-1FEF68941551}.Release no XML serializers|Any CPU.Build.0 = Release|Any CPU
		{93A2ADF4-723D-47AA-B0A8-1FEF68941551}.Release RFEM|Any CPU.ActiveCfg = Release|Any CPU
		{93A2ADF4-723D-47AA-B0A8-1FEF68941551}.Release RFEM|Any CPU.Build.0 = Release|Any CPU
		{93A2ADF4-723D-47AA-B0A8-1FEF68941551}.Release RSECTION|Any CPU.ActiveCfg = Release|Any CPU
		{93A2ADF4-723D-47AA-B0A8-1FEF68941551}.Release RSECTION|Any CPU.Build.0 = Release|Any CPU
		{93A2ADF4-723D-47AA-B0A8-1FEF68941551}.Release RSTAB|Any CPU.ActiveCfg = Release|Any CPU
		{93A2ADF4-723D-47AA-B0A8-1FEF68941551}.Release RSTAB|Any CPU.Build.0 = Release|Any CPU
		{93A2ADF4-723D-47AA-B0A8-1FEF68941551}.Release|Any CPU.ActiveCfg = Release|Any CPU
		{93A2ADF4-723D-47AA-B0A8-1FEF68941551}.Release|Any CPU.Build.0 = Release|Any CPU
		{93A2ADF4-723D-47AA-B0A8-1FEF68941551}.RFEM|Any CPU.ActiveCfg = Release|Any CPU
		{93A2ADF4-723D-47AA-B0A8-1FEF68941551}.RFEM|Any CPU.Build.0 = Release|Any CPU
		{93A2ADF4-723D-47AA-B0A8-1FEF68941551}.RSTAB Debug|Any CPU.ActiveCfg = Release|Any CPU
		{93A2ADF4-723D-47AA-B0A8-1FEF68941551}.RSTAB Debug|Any CPU.Build.0 = Release|Any CPU
		{6CCD9230-2BCF-4B3F-966C-8F69BE5DC880}.Debug no XML serializers|Any CPU.ActiveCfg = Debug|Any CPU
		{6CCD9230-2BCF-4B3F-966C-8F69BE5DC880}.Debug no XML serializers|Any CPU.Build.0 = Debug|Any CPU
		{6CCD9230-2BCF-4B3F-966C-8F69BE5DC880}.Debug RFEM|Any CPU.ActiveCfg = Debug|Any CPU
		{6CCD9230-2BCF-4B3F-966C-8F69BE5DC880}.Debug RFEM|Any CPU.Build.0 = Debug|Any CPU
		{6CCD9230-2BCF-4B3F-966C-8F69BE5DC880}.Debug RSECTION|Any CPU.ActiveCfg = Debug|Any CPU
		{6CCD9230-2BCF-4B3F-966C-8F69BE5DC880}.Debug RSTAB|Any CPU.ActiveCfg = Debug|Any CPU
		{6CCD9230-2BCF-4B3F-966C-8F69BE5DC880}.Debug|Any CPU.ActiveCfg = Debug|Any CPU
		{6CCD9230-2BCF-4B3F-966C-8F69BE5DC880}.Debug|Any CPU.Build.0 = Debug|Any CPU
		{6CCD9230-2BCF-4B3F-966C-8F69BE5DC880}.Release no XML serializers|Any CPU.ActiveCfg = Debug|Any CPU
		{6CCD9230-2BCF-4B3F-966C-8F69BE5DC880}.Release no XML serializers|Any CPU.Build.0 = Debug|Any CPU
		{6CCD9230-2BCF-4B3F-966C-8F69BE5DC880}.Release RFEM|Any CPU.ActiveCfg = Release RFEM|Any CPU
		{6CCD9230-2BCF-4B3F-966C-8F69BE5DC880}.Release RFEM|Any CPU.Build.0 = Release RFEM|Any CPU
		{6CCD9230-2BCF-4B3F-966C-8F69BE5DC880}.Release RSECTION|Any CPU.ActiveCfg = Debug|Any CPU
		{6CCD9230-2BCF-4B3F-966C-8F69BE5DC880}.Release RSTAB|Any CPU.ActiveCfg = Debug|Any CPU
		{6CCD9230-2BCF-4B3F-966C-8F69BE5DC880}.Release|Any CPU.ActiveCfg = Release|Any CPU
		{6CCD9230-2BCF-4B3F-966C-8F69BE5DC880}.Release|Any CPU.Build.0 = Release|Any CPU
		{6CCD9230-2BCF-4B3F-966C-8F69BE5DC880}.RFEM|Any CPU.ActiveCfg = Release|Any CPU
		{6CCD9230-2BCF-4B3F-966C-8F69BE5DC880}.RFEM|Any CPU.Build.0 = Release|Any CPU
		{6CCD9230-2BCF-4B3F-966C-8F69BE5DC880}.RSTAB Debug|Any CPU.ActiveCfg = Release RFEM|Any CPU
		{6CCD9230-2BCF-4B3F-966C-8F69BE5DC880}.RSTAB Debug|Any CPU.Build.0 = Release RFEM|Any CPU
		{5A987956-134F-4050-94D7-7CB14D690302}.Debug no XML serializers|Any CPU.ActiveCfg = Debug|Any CPU
		{5A987956-134F-4050-94D7-7CB14D690302}.Debug no XML serializers|Any CPU.Build.0 = Debug|Any CPU
		{5A987956-134F-4050-94D7-7CB14D690302}.Debug no XML serializers|Any CPU.Deploy.0 = Debug|Any CPU
		{5A987956-134F-4050-94D7-7CB14D690302}.Debug RFEM|Any CPU.ActiveCfg = Debug|Any CPU
		{5A987956-134F-4050-94D7-7CB14D690302}.Debug RFEM|Any CPU.Build.0 = Debug|Any CPU
		{5A987956-134F-4050-94D7-7CB14D690302}.Debug RFEM|Any CPU.Deploy.0 = Debug|Any CPU
		{5A987956-134F-4050-94D7-7CB14D690302}.Debug RSECTION|Any CPU.ActiveCfg = Debug|Any CPU
		{5A987956-134F-4050-94D7-7CB14D690302}.Debug RSECTION|Any CPU.Build.0 = Debug|Any CPU
		{5A987956-134F-4050-94D7-7CB14D690302}.Debug RSECTION|Any CPU.Deploy.0 = Debug|Any CPU
		{5A987956-134F-4050-94D7-7CB14D690302}.Debug RSTAB|Any CPU.ActiveCfg = Debug|Any CPU
		{5A987956-134F-4050-94D7-7CB14D690302}.Debug RSTAB|Any CPU.Build.0 = Debug|Any CPU
		{5A987956-134F-4050-94D7-7CB14D690302}.Debug RSTAB|Any CPU.Deploy.0 = Debug|Any CPU
		{5A987956-134F-4050-94D7-7CB14D690302}.Debug|Any CPU.ActiveCfg = Debug|Any CPU
		{5A987956-134F-4050-94D7-7CB14D690302}.Debug|Any CPU.Build.0 = Debug|Any CPU
		{5A987956-134F-4050-94D7-7CB14D690302}.Debug|Any CPU.Deploy.0 = Debug|Any CPU
		{5A987956-134F-4050-94D7-7CB14D690302}.Release no XML serializers|Any CPU.ActiveCfg = Release|Any CPU
		{5A987956-134F-4050-94D7-7CB14D690302}.Release no XML serializers|Any CPU.Build.0 = Release|Any CPU
		{5A987956-134F-4050-94D7-7CB14D690302}.Release no XML serializers|Any CPU.Deploy.0 = Release|Any CPU
		{5A987956-134F-4050-94D7-7CB14D690302}.Release RFEM|Any CPU.ActiveCfg = Release|Any CPU
		{5A987956-134F-4050-94D7-7CB14D690302}.Release RFEM|Any CPU.Build.0 = Release|Any CPU
		{5A987956-134F-4050-94D7-7CB14D690302}.Release RFEM|Any CPU.Deploy.0 = Release|Any CPU
		{5A987956-134F-4050-94D7-7CB14D690302}.Release RSECTION|Any CPU.ActiveCfg = Release|Any CPU
		{5A987956-134F-4050-94D7-7CB14D690302}.Release RSECTION|Any CPU.Build.0 = Release|Any CPU
		{5A987956-134F-4050-94D7-7CB14D690302}.Release RSECTION|Any CPU.Deploy.0 = Release|Any CPU
		{5A987956-134F-4050-94D7-7CB14D690302}.Release RSTAB|Any CPU.ActiveCfg = Release|Any CPU
		{5A987956-134F-4050-94D7-7CB14D690302}.Release RSTAB|Any CPU.Build.0 = Release|Any CPU
		{5A987956-134F-4050-94D7-7CB14D690302}.Release RSTAB|Any CPU.Deploy.0 = Release|Any CPU
		{5A987956-134F-4050-94D7-7CB14D690302}.Release|Any CPU.ActiveCfg = Release|Any CPU
		{5A987956-134F-4050-94D7-7CB14D690302}.Release|Any CPU.Build.0 = Release|Any CPU
		{5A987956-134F-4050-94D7-7CB14D690302}.Release|Any CPU.Deploy.0 = Release|Any CPU
		{5A987956-134F-4050-94D7-7CB14D690302}.RFEM|Any CPU.ActiveCfg = RSTAB Debug|Any CPU
		{5A987956-134F-4050-94D7-7CB14D690302}.RFEM|Any CPU.Build.0 = RSTAB Debug|Any CPU
		{5A987956-134F-4050-94D7-7CB14D690302}.RFEM|Any CPU.Deploy.0 = RSTAB Debug|Any CPU
		{5A987956-134F-4050-94D7-7CB14D690302}.RSTAB Debug|Any CPU.ActiveCfg = RFEM Debug|Any CPU
		{5A987956-134F-4050-94D7-7CB14D690302}.RSTAB Debug|Any CPU.Build.0 = RFEM Debug|Any CPU
		{5A987956-134F-4050-94D7-7CB14D690302}.RSTAB Debug|Any CPU.Deploy.0 = RFEM Debug|Any CPU
	EndGlobalSection
	GlobalSection(SolutionProperties) = preSolution
		HideSolutionNode = FALSE
	EndGlobalSection
	GlobalSection(NestedProjects) = preSolution
		{24F8558D-0E3A-4ADD-84A2-FB471B5EFA8E} = {9966D57E-6D78-411D-998A-705D207F9C48}
		{8ACADB5B-66FA-467B-9D86-12BD923252CB} = {9966D57E-6D78-411D-998A-705D207F9C48}
		{134C646B-AB2D-48CF-9E6E-6613655D864D} = {638B834A-F3A1-4660-8647-3AF01452DB4F}
		{10618A27-7C85-428D-8991-D5C703BE2092} = {638B834A-F3A1-4660-8647-3AF01452DB4F}
		{7B49E986-ABD2-495D-80C7-C0C9940CEAC3} = {9966D57E-6D78-411D-998A-705D207F9C48}
		{83658DD7-9846-4C3B-835E-E83927B8C883} = {4D3AE816-74B6-40C2-ABEE-BC75BBC9DE8B}
		{93A2ADF4-723D-47AA-B0A8-1FEF68941551} = {4D3AE816-74B6-40C2-ABEE-BC75BBC9DE8B}
		{6CCD9230-2BCF-4B3F-966C-8F69BE5DC880} = {638B834A-F3A1-4660-8647-3AF01452DB4F}
		{5A987956-134F-4050-94D7-7CB14D690302} = {638B834A-F3A1-4660-8647-3AF01452DB4F}
	EndGlobalSection
	GlobalSection(ExtensibilityGlobals) = postSolution
		SolutionGuid = {0E26BFB4-4789-4FCD-86F7-EE35D82E8298}
	EndGlobalSection
EndGlobal
