
Microsoft Visual Studio Solution File, Format Version 12.00
# Visual Studio Version 16
VisualStudioVersion = 16.0.31624.102
MinimumVisualStudioVersion = 10.0.40219.1
Project("{9A19103F-16F7-4668-BE54-9A1E7A4F7556}") = "RfemSoapWsCoreClient", "RfemSoapWsCoreClient\RfemSoapWsCoreClient.csproj", "{24F8558D-0E3A-4ADD-84A2-FB471B5EFA8E}"
EndProject
Project("{9A19103F-16F7-4668-BE54-9A1E7A4F7556}") = "RstabSoapWsCoreClient", "RstabSoapWsCoreClient\RstabSoapWsCoreClient.csproj", "{8ACADB5B-66FA-467B-9D86-12BD923252CB}"
EndProject
Project("{9A19103F-16F7-4668-BE54-9A1E7A4F7556}") = "RfemRstabSoapWsCoreLib", "RfemRstabSoapWsCoreLib\RfemRstabSoapWsCoreLib.csproj", "{C67F8C87-0F3F-4BC3-AAC5-6FB8E8A2C028}"
EndProject
Project("{2150E333-8FDC-42A3-9474-1A3956D46DE8}") = "Examples", "Examples", "{638B834A-F3A1-4660-8647-3AF01452DB4F}"
EndProject
Project("{2150E333-8FDC-42A3-9474-1A3956D46DE8}") = "TestingApplications", "TestingApplications", "{F81CBA94-C05A-4CD5-820C-6D6D191618A4}"
EndProject
Project("{9A19103F-16F7-4668-BE54-9A1E7A4F7556}") = "DotNetCoreClientTest", "..\examples\testingApplications\DotNetCoreClientTest\DotNetCoreClientTest.csproj", "{826D090D-BF0B-4109-9DCF-D0CED54B406D}"
EndProject
Project("{9A19103F-16F7-4668-BE54-9A1E7A4F7556}") = "DotNetCoreClientTest.Web2", "..\examples\testingApplications\DotNetCoreClientTest.Web2\DotNetCoreClientTest.Web2.csproj", "{B6CADE5A-C283-41FC-A6BA-2AB00237FD81}"
EndProject
Project("{FAE04EC0-301F-11D3-BF4B-00C04F79EFBC}") = "Cantilever", "..\examples\Cantilever\Cantilever.csproj", "{134C646B-AB2D-48CF-9E6E-6613655D864D}"
EndProject
Global
	GlobalSection(SolutionConfigurationPlatforms) = preSolution
		Debug|Any CPU = Debug|Any CPU
		Release|Any CPU = Release|Any CPU
	EndGlobalSection
	GlobalSection(ProjectConfigurationPlatforms) = postSolution
		{24F8558D-0E3A-4ADD-84A2-FB471B5EFA8E}.Debug|Any CPU.ActiveCfg = Debug|Any CPU
		{24F8558D-0E3A-4ADD-84A2-FB471B5EFA8E}.Debug|Any CPU.Build.0 = Debug|Any CPU
		{24F8558D-0E3A-4ADD-84A2-FB471B5EFA8E}.Release|Any CPU.ActiveCfg = Release|Any CPU
		{24F8558D-0E3A-4ADD-84A2-FB471B5EFA8E}.Release|Any CPU.Build.0 = Release|Any CPU
		{8ACADB5B-66FA-467B-9D86-12BD923252CB}.Debug|Any CPU.ActiveCfg = Debug|Any CPU
		{8ACADB5B-66FA-467B-9D86-12BD923252CB}.Debug|Any CPU.Build.0 = Debug|Any CPU
		{8ACADB5B-66FA-467B-9D86-12BD923252CB}.Release|Any CPU.ActiveCfg = Release|Any CPU
		{8ACADB5B-66FA-467B-9D86-12BD923252CB}.Release|Any CPU.Build.0 = Release|Any CPU
		{C67F8C87-0F3F-4BC3-AAC5-6FB8E8A2C028}.Debug|Any CPU.ActiveCfg = Debug|Any CPU
		{C67F8C87-0F3F-4BC3-AAC5-6FB8E8A2C028}.Debug|Any CPU.Build.0 = Debug|Any CPU
		{C67F8C87-0F3F-4BC3-AAC5-6FB8E8A2C028}.Release|Any CPU.ActiveCfg = Release|Any CPU
		{C67F8C87-0F3F-4BC3-AAC5-6FB8E8A2C028}.Release|Any CPU.Build.0 = Release|Any CPU
		{826D090D-BF0B-4109-9DCF-D0CED54B406D}.Debug|Any CPU.ActiveCfg = Debug|Any CPU
		{826D090D-BF0B-4109-9DCF-D0CED54B406D}.Debug|Any CPU.Build.0 = Debug|Any CPU
		{826D090D-BF0B-4109-9DCF-D0CED54B406D}.Release|Any CPU.ActiveCfg = Release|Any CPU
		{826D090D-BF0B-4109-9DCF-D0CED54B406D}.Release|Any CPU.Build.0 = Release|Any CPU
		{B6CADE5A-C283-41FC-A6BA-2AB00237FD81}.Debug|Any CPU.ActiveCfg = Debug|Any CPU
		{B6CADE5A-C283-41FC-A6BA-2AB00237FD81}.Debug|Any CPU.Build.0 = Debug|Any CPU
		{B6CADE5A-C283-41FC-A6BA-2AB00237FD81}.Release|Any CPU.ActiveCfg = Release|Any CPU
		{B6CADE5A-C283-41FC-A6BA-2AB00237FD81}.Release|Any CPU.Build.0 = Release|Any CPU
		{134C646B-AB2D-48CF-9E6E-6613655D864D}.Debug|Any CPU.ActiveCfg = Debug|Any CPU
		{134C646B-AB2D-48CF-9E6E-6613655D864D}.Debug|Any CPU.Build.0 = Debug|Any CPU
		{134C646B-AB2D-48CF-9E6E-6613655D864D}.Release|Any CPU.ActiveCfg = Release|Any CPU
		{134C646B-AB2D-48CF-9E6E-6613655D864D}.Release|Any CPU.Build.0 = Release|Any CPU
	EndGlobalSection
	GlobalSection(SolutionProperties) = preSolution
		HideSolutionNode = FALSE
	EndGlobalSection
	GlobalSection(NestedProjects) = preSolution
		{826D090D-BF0B-4109-9DCF-D0CED54B406D} = {F81CBA94-C05A-4CD5-820C-6D6D191618A4}
		{B6CADE5A-C283-41FC-A6BA-2AB00237FD81} = {F81CBA94-C05A-4CD5-820C-6D6D191618A4}
		{134C646B-AB2D-48CF-9E6E-6613655D864D} = {638B834A-F3A1-4660-8647-3AF01452DB4F}
	EndGlobalSection
	GlobalSection(ExtensibilityGlobals) = postSolution
		SolutionGuid = {0E26BFB4-4789-4FCD-86F7-EE35D82E8298}
	EndGlobalSection
EndGlobal
