
Microsoft Visual Studio Solution File, Format Version 12.00
# Visual Studio Version 16
VisualStudioVersion = 16.0.31624.102
MinimumVisualStudioVersion = 10.0.40219.1
Project("{9A19103F-16F7-4668-BE54-9A1E7A4F7556}") = "RfemSoapWsCoreClient", "RfemSoapWsCoreClient\RfemSoapWsCoreClient.csproj", "{24F8558D-0E3A-4ADD-84A2-FB471B5EFA8E}"
EndProject
Project("{9A19103F-16F7-4668-BE54-9A1E7A4F7556}") = "RstabSoapWsCoreClient", "RstabSoapWsCoreClient\RstabSoapWsCoreClient.csproj", "{8ACADB5B-66FA-467B-9D86-12BD923252CB}"
EndProject
Project("{9A19103F-16F7-4668-BE54-9A1E7A4F7556}") = "RfemRstabSoapWsCoreLib", "RfemRstabSoapWsCoreLib\RfemRstabSoapWsCoreLib.csproj", "{C67F8C87-0F3F-4BC3-AAC5-6FB8E8A2C028}"
EndProject
Global
	GlobalSection(SolutionConfigurationPlatforms) = preSolution
		Debug|Any CPU = Debug|Any CPU
		Release|Any CPU = Release|Any CPU
	EndGlobalSection
	GlobalSection(ProjectConfigurationPlatforms) = postSolution
		{24F8558D-0E3A-4ADD-84A2-FB471B5EFA8E}.Debug|Any CPU.ActiveCfg = Debug|Any CPU
		{24F8558D-0E3A-4ADD-84A2-FB471B5EFA8E}.Debug|Any CPU.Build.0 = Debug|Any CPU
		{24F8558D-0E3A-4ADD-84A2-FB471B5EFA8E}.Release|Any CPU.ActiveCfg = Release|Any CPU
		{24F8558D-0E3A-4ADD-84A2-FB471B5EFA8E}.Release|Any CPU.Build.0 = Release|Any CPU
		{8ACADB5B-66FA-467B-9D86-12BD923252CB}.Debug|Any CPU.ActiveCfg = Debug|Any CPU
		{8ACADB5B-66FA-467B-9D86-12BD923252CB}.Debug|Any CPU.Build.0 = Debug|Any CPU
		{8ACADB5B-66FA-467B-9D86-12BD923252CB}.Release|Any CPU.ActiveCfg = Release|Any CPU
		{8ACADB5B-66FA-467B-9D86-12BD923252CB}.Release|Any CPU.Build.0 = Release|Any CPU
		{C67F8C87-0F3F-4BC3-AAC5-6FB8E8A2C028}.Debug|Any CPU.ActiveCfg = Debug|Any CPU
		{C67F8C87-0F3F-4BC3-AAC5-6FB8E8A2C028}.Debug|Any CPU.Build.0 = Debug|Any CPU
		{C67F8C87-0F3F-4BC3-AAC5-6FB8E8A2C028}.Release|Any CPU.ActiveCfg = Release|Any CPU
		{C67F8C87-0F3F-4BC3-AAC5-6FB8E8A2C028}.Release|Any CPU.Build.0 = Release|Any CPU
	EndGlobalSection
	GlobalSection(SolutionProperties) = preSolution
		HideSolutionNode = FALSE
	EndGlobalSection
	GlobalSection(ExtensibilityGlobals) = postSolution
		SolutionGuid = {0E26BFB4-4789-4FCD-86F7-EE35D82E8298}
	EndGlobalSection
EndGlobal
